
Microsoft Visual Studio Solution File, Format Version 12.00
# Visual Studio Version 17
VisualStudioVersion = 17.5.33502.453
MinimumVisualStudioVersion = 10.0.40219.1
Project("{FAE04EC0-301F-11D3-BF4B-00C04F79EFBC}") = "Exercise01", "HomeWork#6\Exercise01.csproj", "{54965509-C090-4F0A-95CC-4275562309BB}"
EndProject
Project("{FAE04EC0-301F-11D3-BF4B-00C04F79EFBC}") = "Exercise02", "..\Exercise02\Exercise02.csproj", "{EDC886BB-6215-4E3F-99ED-AF288FD8928D}"
EndProject
Project("{FAE04EC0-301F-11D3-BF4B-00C04F79EFBC}") = "Exercise03", "..\Exercise03\Exercise03.csproj", "{33EFC8E2-C559-4F23-BEE1-9ABF4664EECF}"
EndProject
Global
	GlobalSection(SolutionConfigurationPlatforms) = preSolution
		Debug|Any CPU = Debug|Any CPU
		Release|Any CPU = Release|Any CPU
	EndGlobalSection
	GlobalSection(ProjectConfigurationPlatforms) = postSolution
		{54965509-C090-4F0A-95CC-4275562309BB}.Debug|Any CPU.ActiveCfg = Debug|Any CPU
		{54965509-C090-4F0A-95CC-4275562309BB}.Debug|Any CPU.Build.0 = Debug|Any CPU
		{54965509-C090-4F0A-95CC-4275562309BB}.Release|Any CPU.ActiveCfg = Release|Any CPU
		{54965509-C090-4F0A-95CC-4275562309BB}.Release|Any CPU.Build.0 = Release|Any CPU
		{EDC886BB-6215-4E3F-99ED-AF288FD8928D}.Debug|Any CPU.ActiveCfg = Debug|Any CPU
		{EDC886BB-6215-4E3F-99ED-AF288FD8928D}.Debug|Any CPU.Build.0 = Debug|Any CPU
		{EDC886BB-6215-4E3F-99ED-AF288FD8928D}.Release|Any CPU.ActiveCfg = Release|Any CPU
		{EDC886BB-6215-4E3F-99ED-AF288FD8928D}.Release|Any CPU.Build.0 = Release|Any CPU
		{33EFC8E2-C559-4F23-BEE1-9ABF4664EECF}.Debug|Any CPU.ActiveCfg = Debug|Any CPU
		{33EFC8E2-C559-4F23-BEE1-9ABF4664EECF}.Debug|Any CPU.Build.0 = Debug|Any CPU
		{33EFC8E2-C559-4F23-BEE1-9ABF4664EECF}.Release|Any CPU.ActiveCfg = Release|Any CPU
		{33EFC8E2-C559-4F23-BEE1-9ABF4664EECF}.Release|Any CPU.Build.0 = Release|Any CPU
	EndGlobalSection
	GlobalSection(SolutionProperties) = preSolution
		HideSolutionNode = FALSE
	EndGlobalSection
	GlobalSection(ExtensibilityGlobals) = postSolution
		SolutionGuid = {7EE95495-029B-4055-904C-B2932D0E8A1E}
	EndGlobalSection
EndGlobal
